
Microsoft Visual Studio Solution File, Format Version 12.00
# Visual Studio Version 16
VisualStudioVersion = 16.0.31229.75
MinimumVisualStudioVersion = 10.0.40219.1
Project("{9A19103F-16F7-4668-BE54-9A1E7A4F7556}") = "LangPad", "LangPad\LangPad.csproj", "{15693003-E4A0-4956-98D4-BD5017FD5F94}"
EndProject
Project("{9A19103F-16F7-4668-BE54-9A1E7A4F7556}") = "LangPadData", "LangPadData\LangPadData.csproj", "{9839AD94-41F2-4AC5-A676-428E3BF72304}"
EndProject
Global
	GlobalSection(SolutionConfigurationPlatforms) = preSolution
		Debug|Any CPU = Debug|Any CPU
		Release|Any CPU = Release|Any CPU
	EndGlobalSection
	GlobalSection(ProjectConfigurationPlatforms) = postSolution
		{15693003-E4A0-4956-98D4-BD5017FD5F94}.Debug|Any CPU.ActiveCfg = Debug|Any CPU
		{15693003-E4A0-4956-98D4-BD5017FD5F94}.Debug|Any CPU.Build.0 = Debug|Any CPU
		{15693003-E4A0-4956-98D4-BD5017FD5F94}.Release|Any CPU.ActiveCfg = Release|Any CPU
		{15693003-E4A0-4956-98D4-BD5017FD5F94}.Release|Any CPU.Build.0 = Release|Any CPU
		{9839AD94-41F2-4AC5-A676-428E3BF72304}.Debug|Any CPU.ActiveCfg = Debug|Any CPU
		{9839AD94-41F2-4AC5-A676-428E3BF72304}.Debug|Any CPU.Build.0 = Debug|Any CPU
		{9839AD94-41F2-4AC5-A676-428E3BF72304}.Release|Any CPU.ActiveCfg = Release|Any CPU
		{9839AD94-41F2-4AC5-A676-428E3BF72304}.Release|Any CPU.Build.0 = Release|Any CPU
	EndGlobalSection
	GlobalSection(SolutionProperties) = preSolution
		HideSolutionNode = FALSE
	EndGlobalSection
	GlobalSection(ExtensibilityGlobals) = postSolution
		SolutionGuid = {5B55FF38-7CBB-4FED-A7F7-51E330445F65}
	EndGlobalSection
EndGlobal
