
Microsoft Visual Studio Solution File, Format Version 12.00
# Visual Studio Version 16
VisualStudioVersion = 16.0.28729.10
MinimumVisualStudioVersion = 10.0.40219.1
Project("{F184B08F-C81C-45F6-A57F-5ABD9991F28F}") = "LanguagePad", "Language Pad\LanguagePad.vbproj", "{96451D96-1492-4D4A-BCA2-C65DE80255D2}"
	ProjectSection(ProjectDependencies) = postProject
		{8BD8A7F1-C880-41CC-8485-B132DDAD924A} = {8BD8A7F1-C880-41CC-8485-B132DDAD924A}
	EndProjectSection
EndProject
Project("{F184B08F-C81C-45F6-A57F-5ABD9991F28F}") = "Tundra", "Tundra\Tundra.vbproj", "{801224DE-BF6A-4196-B80F-8F881DD17FB8}"
EndProject
Project("{FAE04EC0-301F-11D3-BF4B-00C04F79EFBC}") = "TundraLib", "TundraLib\TundraLib.csproj", "{8BD8A7F1-C880-41CC-8485-B132DDAD924A}"
EndProject
Global
	GlobalSection(SolutionConfigurationPlatforms) = preSolution
		Debug|Any CPU = Debug|Any CPU
		Release|Any CPU = Release|Any CPU
	EndGlobalSection
	GlobalSection(ProjectConfigurationPlatforms) = postSolution
		{96451D96-1492-4D4A-BCA2-C65DE80255D2}.Debug|Any CPU.ActiveCfg = Debug|Any CPU
		{96451D96-1492-4D4A-BCA2-C65DE80255D2}.Debug|Any CPU.Build.0 = Debug|Any CPU
		{96451D96-1492-4D4A-BCA2-C65DE80255D2}.Release|Any CPU.ActiveCfg = Release|Any CPU
		{96451D96-1492-4D4A-BCA2-C65DE80255D2}.Release|Any CPU.Build.0 = Release|Any CPU
		{801224DE-BF6A-4196-B80F-8F881DD17FB8}.Debug|Any CPU.ActiveCfg = Debug|Any CPU
		{801224DE-BF6A-4196-B80F-8F881DD17FB8}.Debug|Any CPU.Build.0 = Debug|Any CPU
		{801224DE-BF6A-4196-B80F-8F881DD17FB8}.Release|Any CPU.ActiveCfg = Release|Any CPU
		{801224DE-BF6A-4196-B80F-8F881DD17FB8}.Release|Any CPU.Build.0 = Release|Any CPU
		{8BD8A7F1-C880-41CC-8485-B132DDAD924A}.Debug|Any CPU.ActiveCfg = Debug|Any CPU
		{8BD8A7F1-C880-41CC-8485-B132DDAD924A}.Debug|Any CPU.Build.0 = Debug|Any CPU
		{8BD8A7F1-C880-41CC-8485-B132DDAD924A}.Release|Any CPU.ActiveCfg = Release|Any CPU
		{8BD8A7F1-C880-41CC-8485-B132DDAD924A}.Release|Any CPU.Build.0 = Release|Any CPU
	EndGlobalSection
	GlobalSection(SolutionProperties) = preSolution
		HideSolutionNode = FALSE
	EndGlobalSection
	GlobalSection(ExtensibilityGlobals) = postSolution
		SolutionGuid = {876B890C-6499-4400-ADD1-48F8D310EC26}
	EndGlobalSection
EndGlobal
