
Microsoft Visual Studio Solution File, Format Version 12.00
# Visual Studio Version 16
VisualStudioVersion = 16.0.29102.190
MinimumVisualStudioVersion = 10.0.40219.1
Project("{FAE04EC0-301F-11D3-BF4B-00C04F79EFBC}") = "NotebookFile", "NotebookFile\NotebookFile.csproj", "{FE238D44-9D8D-4F77-99C4-E33B14D91EAF}"
EndProject
Global
	GlobalSection(SolutionConfigurationPlatforms) = preSolution
		Debug|Any CPU = Debug|Any CPU
		Release|Any CPU = Release|Any CPU
	EndGlobalSection
	GlobalSection(ProjectConfigurationPlatforms) = postSolution
		{FE238D44-9D8D-4F77-99C4-E33B14D91EAF}.Debug|Any CPU.ActiveCfg = Debug|Any CPU
		{FE238D44-9D8D-4F77-99C4-E33B14D91EAF}.Debug|Any CPU.Build.0 = Debug|Any CPU
		{FE238D44-9D8D-4F77-99C4-E33B14D91EAF}.Release|Any CPU.ActiveCfg = Release|Any CPU
		{FE238D44-9D8D-4F77-99C4-E33B14D91EAF}.Release|Any CPU.Build.0 = Release|Any CPU
	EndGlobalSection
	GlobalSection(SolutionProperties) = preSolution
		HideSolutionNode = FALSE
	EndGlobalSection
	GlobalSection(ExtensibilityGlobals) = postSolution
		SolutionGuid = {1A7F9333-4CF5-4156-95F3-A7074987D9DE}
	EndGlobalSection
EndGlobal
